// !$*UTF8*$!
{
	archiveVersion = 1;
	classes = {
	};
	objectVersion = 56;
	objects = {

/* Begin PBXBuildFile section */
		DFEA0C8B2CD24C920095DF72 /* Vehicle_AppApp.swift in Sources */ = {isa = PBXBuildFile; fileRef = DFEA0C8A2CD24C920095DF72 /* Vehicle_AppApp.swift */; };
		DFEA0C8D2CD24C920095DF72 /* ContentView.swift in Sources */ = {isa = PBXBuildFile; fileRef = DFEA0C8C2CD24C920095DF72 /* ContentView.swift */; };
		DFEA0C8F2CD24C940095DF72 /* Assets.xcassets in Resources */ = {isa = PBXBuildFile; fileRef = DFEA0C8E2CD24C940095DF72 /* Assets.xcassets */; };
		DFEA0C922CD24C940095DF72 /* Preview Assets.xcassets in Resources */ = {isa = PBXBuildFile; fileRef = DFEA0C912CD24C940095DF72 /* Preview Assets.xcassets */; };
		DFEA0C992CD24D690095DF72 /* CarDetailView.swift in Sources */ = {isa = PBXBuildFile; fileRef = DFEA0C982CD24D690095DF72 /* CarDetailView.swift */; };
		DFEA0C9B2CD24D940095DF72 /* CarSelectionView.swift in Sources */ = {isa = PBXBuildFile; fileRef = DFEA0C9A2CD24D940095DF72 /* CarSelectionView.swift */; };
		DFEA0C9F2CD24DF00095DF72 /* CarDataModel.swift in Sources */ = {isa = PBXBuildFile; fileRef = DFEA0C9E2CD24DF00095DF72 /* CarDataModel.swift */; };
		DFEA0CA12CD24ECF0095DF72 /* CompanySelectionView.swift in Sources */ = {isa = PBXBuildFile; fileRef = DFEA0CA02CD24ECF0095DF72 /* CompanySelectionView.swift */; };
		DFEA0CA32CD24F150095DF72 /* InfoView.swift in Sources */ = {isa = PBXBuildFile; fileRef = DFEA0CA22CD24F150095DF72 /* InfoView.swift */; };
		DFEA0CA52CD24F380095DF72 /* SubmodelView.swift in Sources */ = {isa = PBXBuildFile; fileRef = DFEA0CA42CD24F380095DF72 /* SubmodelView.swift */; };
		DFEA0CA82CD2E3960095DF72 /* PlaneDataModel.swift in Sources */ = {isa = PBXBuildFile; fileRef = DFEA0CA72CD2E3960095DF72 /* PlaneDataModel.swift */; };
		DFEA0CAB2CD31AAB0095DF72 /* AirCompanyselectionView.swift in Sources */ = {isa = PBXBuildFile; fileRef = DFEA0CAA2CD31AAB0095DF72 /* AirCompanyselectionView.swift */; };
		DFEA0CAD2CD31B1E0095DF72 /* BikeCompanyselectionView.swift in Sources */ = {isa = PBXBuildFile; fileRef = DFEA0CAC2CD31B1E0095DF72 /* BikeCompanyselectionView.swift */; };
		DFEA0CB02CD31B6D0095DF72 /* BoatCompanySelectionView.swift in Sources */ = {isa = PBXBuildFile; fileRef = DFEA0CAF2CD31B6D0095DF72 /* BoatCompanySelectionView.swift */; };
/* End PBXBuildFile section */

/* Begin PBXFileReference section */
		DFEA0C872CD24C920095DF72 /* Vehicle App.app */ = {isa = PBXFileReference; explicitFileType = wrapper.application; includeInIndex = 0; path = "Vehicle App.app"; sourceTree = BUILT_PRODUCTS_DIR; };
		DFEA0C8A2CD24C920095DF72 /* Vehicle_AppApp.swift */ = {isa = PBXFileReference; lastKnownFileType = sourcecode.swift; path = Vehicle_AppApp.swift; sourceTree = "<group>"; };
		DFEA0C8C2CD24C920095DF72 /* ContentView.swift */ = {isa = PBXFileReference; lastKnownFileType = sourcecode.swift; path = ContentView.swift; sourceTree = "<group>"; };
		DFEA0C8E2CD24C940095DF72 /* Assets.xcassets */ = {isa = PBXFileReference; lastKnownFileType = folder.assetcatalog; path = Assets.xcassets; sourceTree = "<group>"; };
		DFEA0C912CD24C940095DF72 /* Preview Assets.xcassets */ = {isa = PBXFileReference; lastKnownFileType = folder.assetcatalog; path = "Preview Assets.xcassets"; sourceTree = "<group>"; };
		DFEA0C982CD24D690095DF72 /* CarDetailView.swift */ = {isa = PBXFileReference; lastKnownFileType = sourcecode.swift; path = CarDetailView.swift; sourceTree = "<group>"; };
		DFEA0C9A2CD24D940095DF72 /* CarSelectionView.swift */ = {isa = PBXFileReference; lastKnownFileType = sourcecode.swift; path = CarSelectionView.swift; sourceTree = "<group>"; };
		DFEA0C9E2CD24DF00095DF72 /* CarDataModel.swift */ = {isa = PBXFileReference; lastKnownFileType = sourcecode.swift; path = CarDataModel.swift; sourceTree = "<group>"; };
		DFEA0CA02CD24ECF0095DF72 /* CompanySelectionView.swift */ = {isa = PBXFileReference; lastKnownFileType = sourcecode.swift; path = CompanySelectionView.swift; sourceTree = "<group>"; };
		DFEA0CA22CD24F150095DF72 /* InfoView.swift */ = {isa = PBXFileReference; lastKnownFileType = sourcecode.swift; path = InfoView.swift; sourceTree = "<group>"; };
		DFEA0CA42CD24F380095DF72 /* SubmodelView.swift */ = {isa = PBXFileReference; lastKnownFileType = sourcecode.swift; path = SubmodelView.swift; sourceTree = "<group>"; };
		DFEA0CA72CD2E3960095DF72 /* PlaneDataModel.swift */ = {isa = PBXFileReference; lastKnownFileType = sourcecode.swift; path = PlaneDataModel.swift; sourceTree = "<group>"; };
		DFEA0CAA2CD31AAB0095DF72 /* AirCompanyselectionView.swift */ = {isa = PBXFileReference; lastKnownFileType = sourcecode.swift; path = AirCompanyselectionView.swift; sourceTree = "<group>"; };
		DFEA0CAC2CD31B1E0095DF72 /* BikeCompanyselectionView.swift */ = {isa = PBXFileReference; lastKnownFileType = sourcecode.swift; path = BikeCompanyselectionView.swift; sourceTree = "<group>"; };
		DFEA0CAF2CD31B6D0095DF72 /* BoatCompanySelectionView.swift */ = {isa = PBXFileReference; lastKnownFileType = sourcecode.swift; path = BoatCompanySelectionView.swift; sourceTree = "<group>"; };
/* End PBXFileReference section */

/* Begin PBXFrameworksBuildPhase section */
		DFEA0C842CD24C920095DF72 /* Frameworks */ = {
			isa = PBXFrameworksBuildPhase;
			buildActionMask = 2147483647;
			files = (
			);
			runOnlyForDeploymentPostprocessing = 0;
		};
/* End PBXFrameworksBuildPhase section */

/* Begin PBXGroup section */
		DFEA0C7E2CD24C920095DF72 = {
			isa = PBXGroup;
			children = (
				DFEA0C892CD24C920095DF72 /* Vehicle App */,
				DFEA0C882CD24C920095DF72 /* Products */,
			);
			sourceTree = "<group>";
		};
		DFEA0C882CD24C920095DF72 /* Products */ = {
			isa = PBXGroup;
			children = (
				DFEA0C872CD24C920095DF72 /* Vehicle App.app */,
			);
			name = Products;
			sourceTree = "<group>";
		};
		DFEA0C892CD24C920095DF72 /* Vehicle App */ = {
			isa = PBXGroup;
			children = (
				DFEA0C8A2CD24C920095DF72 /* Vehicle_AppApp.swift */,
				DFEA0C8C2CD24C920095DF72 /* ContentView.swift */,
				DFEA0CB12CD31B730095DF72 /* Boat */,
				DFEA0CA62CD262D00095DF72 /* Car View */,
				DFEA0C8E2CD24C940095DF72 /* Assets.xcassets */,
				DFEA0C902CD24C940095DF72 /* Preview Content */,
			);
			path = "Vehicle App";
			sourceTree = "<group>";
		};
		DFEA0C902CD24C940095DF72 /* Preview Content */ = {
			isa = PBXGroup;
			children = (
				DFEA0C912CD24C940095DF72 /* Preview Assets.xcassets */,
			);
			path = "Preview Content";
			sourceTree = "<group>";
		};
		DFEA0CA62CD262D00095DF72 /* Car View */ = {
			isa = PBXGroup;
			children = (
				DFEA0CA22CD24F150095DF72 /* InfoView.swift */,
				DFEA0CA42CD24F380095DF72 /* SubmodelView.swift */,
				DFEA0C9E2CD24DF00095DF72 /* CarDataModel.swift */,
				DFEA0C982CD24D690095DF72 /* CarDetailView.swift */,
				DFEA0C9A2CD24D940095DF72 /* CarSelectionView.swift */,
				DFEA0CA02CD24ECF0095DF72 /* CompanySelectionView.swift */,
				DFEA0CA92CD2E39C0095DF72 /* Plane View */,
			);
			path = "Car View";
			sourceTree = "<group>";
		};
		DFEA0CA92CD2E39C0095DF72 /* Plane View */ = {
			isa = PBXGroup;
			children = (
				DFEA0CA72CD2E3960095DF72 /* PlaneDataModel.swift */,
				DFEA0CAA2CD31AAB0095DF72 /* AirCompanyselectionView.swift */,
				DFEA0CAE2CD31B260095DF72 /* bike */,
			);
			path = "Plane View";
			sourceTree = "<group>";
		};
		DFEA0CAE2CD31B260095DF72 /* bike */ = {
			isa = PBXGroup;
			children = (
				DFEA0CAC2CD31B1E0095DF72 /* BikeCompanyselectionView.swift */,
			);
			path = bike;
			sourceTree = "<group>";
		};
		DFEA0CB12CD31B730095DF72 /* Boat */ = {
			isa = PBXGroup;
			children = (
				DFEA0CAF2CD31B6D0095DF72 /* BoatCompanySelectionView.swift */,
			);
			path = Boat;
			sourceTree = "<group>";
		};
/* End PBXGroup section */

/* Begin PBXNativeTarget section */
		DFEA0C862CD24C920095DF72 /* Vehicle App */ = {
			isa = PBXNativeTarget;
			buildConfigurationList = DFEA0C952CD24C940095DF72 /* Build configuration list for PBXNativeTarget "Vehicle App" */;
			buildPhases = (
				DFEA0C832CD24C920095DF72 /* Sources */,
				DFEA0C842CD24C920095DF72 /* Frameworks */,
				DFEA0C852CD24C920095DF72 /* Resources */,
			);
			buildRules = (
			);
			dependencies = (
			);
			name = "Vehicle App";
			productName = "Vehicle App";
			productReference = DFEA0C872CD24C920095DF72 /* Vehicle App.app */;
			productType = "com.apple.product-type.application";
		};
/* End PBXNativeTarget section */

/* Begin PBXProject section */
		DFEA0C7F2CD24C920095DF72 /* Project object */ = {
			isa = PBXProject;
			attributes = {
				BuildIndependentTargetsInParallel = 1;
				LastSwiftUpdateCheck = 1520;
				LastUpgradeCheck = 1520;
				TargetAttributes = {
					DFEA0C862CD24C920095DF72 = {
						CreatedOnToolsVersion = 15.2;
					};
				};
			};
			buildConfigurationList = DFEA0C822CD24C920095DF72 /* Build configuration list for PBXProject "Vehicle App" */;
			compatibilityVersion = "Xcode 14.0";
			developmentRegion = en;
			hasScannedForEncodings = 0;
			knownRegions = (
				en,
				Base,
			);
			mainGroup = DFEA0C7E2CD24C920095DF72;
			productRefGroup = DFEA0C882CD24C920095DF72 /* Products */;
			projectDirPath = "";
			projectRoot = "";
			targets = (
				DFEA0C862CD24C920095DF72 /* Vehicle App */,
			);
		};
/* End PBXProject section */

/* Begin PBXResourcesBuildPhase section */
		DFEA0C852CD24C920095DF72 /* Resources */ = {
			isa = PBXResourcesBuildPhase;
			buildActionMask = 2147483647;
			files = (
				DFEA0C922CD24C940095DF72 /* Preview Assets.xcassets in Resources */,
				DFEA0C8F2CD24C940095DF72 /* Assets.xcassets in Resources */,
			);
			runOnlyForDeploymentPostprocessing = 0;
		};
/* End PBXResourcesBuildPhase section */

/* Begin PBXSourcesBuildPhase section */
		DFEA0C832CD24C920095DF72 /* Sources */ = {
			isa = PBXSourcesBuildPhase;
			buildActionMask = 2147483647;
			files = (
				DFEA0CA32CD24F150095DF72 /* InfoView.swift in Sources */,
				DFEA0CA52CD24F380095DF72 /* SubmodelView.swift in Sources */,
				DFEA0C9B2CD24D940095DF72 /* CarSelectionView.swift in Sources */,
				DFEA0C8D2CD24C920095DF72 /* ContentView.swift in Sources */,
				DFEA0C992CD24D690095DF72 /* CarDetailView.swift in Sources */,
				DFEA0C8B2CD24C920095DF72 /* Vehicle_AppApp.swift in Sources */,
				DFEA0CAD2CD31B1E0095DF72 /* BikeCompanyselectionView.swift in Sources */,
				DFEA0CB02CD31B6D0095DF72 /* BoatCompanySelectionView.swift in Sources */,
				DFEA0CA82CD2E3960095DF72 /* PlaneDataModel.swift in Sources */,
				DFEA0C9F2CD24DF00095DF72 /* CarDataModel.swift in Sources */,
				DFEA0CAB2CD31AAB0095DF72 /* AirCompanyselectionView.swift in Sources */,
				DFEA0CA12CD24ECF0095DF72 /* CompanySelectionView.swift in Sources */,
			);
			runOnlyForDeploymentPostprocessing = 0;
		};
/* End PBXSourcesBuildPhase section */

/* Begin XCBuildConfiguration section */
		DFEA0C932CD24C940095DF72 /* Debug */ = {
			isa = XCBuildConfiguration;
			buildSettings = {
				ALWAYS_SEARCH_USER_PATHS = NO;
				ASSETCATALOG_COMPILER_GENERATE_SWIFT_ASSET_SYMBOL_EXTENSIONS = YES;
				CLANG_ANALYZER_NONNULL = YES;
				CLANG_ANALYZER_NUMBER_OBJECT_CONVERSION = YES_AGGRESSIVE;
				CLANG_CXX_LANGUAGE_STANDARD = "gnu++20";
				CLANG_ENABLE_MODULES = YES;
				CLANG_ENABLE_OBJC_ARC = YES;
				CLANG_ENABLE_OBJC_WEAK = YES;
				CLANG_WARN_BLOCK_CAPTURE_AUTORELEASING = YES;
				CLANG_WARN_BOOL_CONVERSION = YES;
				CLANG_WARN_COMMA = YES;
				CLANG_WARN_CONSTANT_CONVERSION = YES;
				CLANG_WARN_DEPRECATED_OBJC_IMPLEMENTATIONS = YES;
				CLANG_WARN_DIRECT_OBJC_ISA_USAGE = YES_ERROR;
				CLANG_WARN_DOCUMENTATION_COMMENTS = YES;
				CLANG_WARN_EMPTY_BODY = YES;
				CLANG_WARN_ENUM_CONVERSION = YES;
				CLANG_WARN_INFINITE_RECURSION = YES;
				CLANG_WARN_INT_CONVERSION = YES;
				CLANG_WARN_NON_LITERAL_NULL_CONVERSION = YES;
				CLANG_WARN_OBJC_IMPLICIT_RETAIN_SELF = YES;
				CLANG_WARN_OBJC_LITERAL_CONVERSION = YES;
				CLANG_WARN_OBJC_ROOT_CLASS = YES_ERROR;
				CLANG_WARN_QUOTED_INCLUDE_IN_FRAMEWORK_HEADER = YES;
				CLANG_WARN_RANGE_LOOP_ANALYSIS = YES;
				CLANG_WARN_STRICT_PROTOTYPES = YES;
				CLANG_WARN_SUSPICIOUS_MOVE = YES;
				CLANG_WARN_UNGUARDED_AVAILABILITY = YES_AGGRESSIVE;
				CLANG_WARN_UNREACHABLE_CODE = YES;
				CLANG_WARN__DUPLICATE_METHOD_MATCH = YES;
				COPY_PHASE_STRIP = NO;
				DEBUG_INFORMATION_FORMAT = dwarf;
				ENABLE_STRICT_OBJC_MSGSEND = YES;
				ENABLE_TESTABILITY = YES;
				ENABLE_USER_SCRIPT_SANDBOXING = YES;
				GCC_C_LANGUAGE_STANDARD = gnu17;
				GCC_DYNAMIC_NO_PIC = NO;
				GCC_NO_COMMON_BLOCKS = YES;
				GCC_OPTIMIZATION_LEVEL = 0;
				GCC_PREPROCESSOR_DEFINITIONS = (
					"DEBUG=1",
					"$(inherited)",
				);
				GCC_WARN_64_TO_32_BIT_CONVERSION = YES;
				GCC_WARN_ABOUT_RETURN_TYPE = YES_ERROR;
				GCC_WARN_UNDECLARED_SELECTOR = YES;
				GCC_WARN_UNINITIALIZED_AUTOS = YES_AGGRESSIVE;
				GCC_WARN_UNUSED_FUNCTION = YES;
				GCC_WARN_UNUSED_VARIABLE = YES;
				IPHONEOS_DEPLOYMENT_TARGET = 17.2;
				LOCALIZATION_PREFERS_STRING_CATALOGS = YES;
				MTL_ENABLE_DEBUG_INFO = INCLUDE_SOURCE;
				MTL_FAST_MATH = YES;
				ONLY_ACTIVE_ARCH = YES;
				SDKROOT = iphoneos;
				SWIFT_ACTIVE_COMPILATION_CONDITIONS = "DEBUG $(inherited)";
				SWIFT_OPTIMIZATION_LEVEL = "-Onone";
			};
			name = Debug;
		};
		DFEA0C942CD24C940095DF72 /* Release */ = {
			isa = XCBuildConfiguration;
			buildSettings = {
				ALWAYS_SEARCH_USER_PATHS = NO;
				ASSETCATALOG_COMPILER_GENERATE_SWIFT_ASSET_SYMBOL_EXTENSIONS = YES;
				CLANG_ANALYZER_NONNULL = YES;
				CLANG_ANALYZER_NUMBER_OBJECT_CONVERSION = YES_AGGRESSIVE;
				CLANG_CXX_LANGUAGE_STANDARD = "gnu++20";
				CLANG_ENABLE_MODULES = YES;
				CLANG_ENABLE_OBJC_ARC = YES;
				CLANG_ENABLE_OBJC_WEAK = YES;
				CLANG_WARN_BLOCK_CAPTURE_AUTORELEASING = YES;
				CLANG_WARN_BOOL_CONVERSION = YES;
				CLANG_WARN_COMMA = YES;
				CLANG_WARN_CONSTANT_CONVERSION = YES;
				CLANG_WARN_DEPRECATED_OBJC_IMPLEMENTATIONS = YES;
				CLANG_WARN_DIRECT_OBJC_ISA_USAGE = YES_ERROR;
				CLANG_WARN_DOCUMENTATION_COMMENTS = YES;
				CLANG_WARN_EMPTY_BODY = YES;
				CLANG_WARN_ENUM_CONVERSION = YES;
				CLANG_WARN_INFINITE_RECURSION = YES;
				CLANG_WARN_INT_CONVERSION = YES;
				CLANG_WARN_NON_LITERAL_NULL_CONVERSION = YES;
				CLANG_WARN_OBJC_IMPLICIT_RETAIN_SELF = YES;
				CLANG_WARN_OBJC_LITERAL_CONVERSION = YES;
				CLANG_WARN_OBJC_ROOT_CLASS = YES_ERROR;
				CLANG_WARN_QUOTED_INCLUDE_IN_FRAMEWORK_HEADER = YES;
				CLANG_WARN_RANGE_LOOP_ANALYSIS = YES;
				CLANG_WARN_STRICT_PROTOTYPES = YES;
				CLANG_WARN_SUSPICIOUS_MOVE = YES;
				CLANG_WARN_UNGUARDED_AVAILABILITY = YES_AGGRESSIVE;
				CLANG_WARN_UNREACHABLE_CODE = YES;
				CLANG_WARN__DUPLICATE_METHOD_MATCH = YES;
				COPY_PHASE_STRIP = NO;
				DEBUG_INFORMATION_FORMAT = "dwarf-with-dsym";
				ENABLE_NS_ASSERTIONS = NO;
				ENABLE_STRICT_OBJC_MSGSEND = YES;
				ENABLE_USER_SCRIPT_SANDBOXING = YES;
				GCC_C_LANGUAGE_STANDARD = gnu17;
				GCC_NO_COMMON_BLOCKS = YES;
				GCC_WARN_64_TO_32_BIT_CONVERSION = YES;
				GCC_WARN_ABOUT_RETURN_TYPE = YES_ERROR;
				GCC_WARN_UNDECLARED_SELECTOR = YES;
				GCC_WARN_UNINITIALIZED_AUTOS = YES_AGGRESSIVE;
				GCC_WARN_UNUSED_FUNCTION = YES;
				GCC_WARN_UNUSED_VARIABLE = YES;
				IPHONEOS_DEPLOYMENT_TARGET = 17.2;
				LOCALIZATION_PREFERS_STRING_CATALOGS = YES;
				MTL_ENABLE_DEBUG_INFO = NO;
				MTL_FAST_MATH = YES;
				SDKROOT = iphoneos;
				SWIFT_COMPILATION_MODE = wholemodule;
				VALIDATE_PRODUCT = YES;
			};
			name = Release;
		};
		DFEA0C962CD24C940095DF72 /* Debug */ = {
			isa = XCBuildConfiguration;
			buildSettings = {
				ASSETCATALOG_COMPILER_APPICON_NAME = AppIcon;
				ASSETCATALOG_COMPILER_GLOBAL_ACCENT_COLOR_NAME = AccentColor;
				CODE_SIGN_STYLE = Automatic;
				CURRENT_PROJECT_VERSION = 1;
				DEVELOPMENT_ASSET_PATHS = "\"Vehicle App/Preview Content\"";
				ENABLE_PREVIEWS = YES;
				GENERATE_INFOPLIST_FILE = YES;
				INFOPLIST_KEY_UIApplicationSceneManifest_Generation = YES;
				INFOPLIST_KEY_UIApplicationSupportsIndirectInputEvents = YES;
				INFOPLIST_KEY_UILaunchScreen_Generation = YES;
				INFOPLIST_KEY_UISupportedInterfaceOrientations_iPad = "UIInterfaceOrientationPortrait UIInterfaceOrientationPortraitUpsideDown UIInterfaceOrientationLandscapeLeft UIInterfaceOrientationLandscapeRight";
				INFOPLIST_KEY_UISupportedInterfaceOrientations_iPhone = "UIInterfaceOrientationPortrait UIInterfaceOrientationLandscapeLeft UIInterfaceOrientationLandscapeRight";
				LD_RUNPATH_SEARCH_PATHS = (
					"$(inherited)",
					"@executable_path/Frameworks",
				);
				MARKETING_VERSION = 1.0;
				PRODUCT_BUNDLE_IDENTIFIER = "com.Gabriel.Vehicle-App";
				PRODUCT_NAME = "$(TARGET_NAME)";
				SWIFT_EMIT_LOC_STRINGS = YES;
				SWIFT_VERSION = 5.0;
				TARGETED_DEVICE_FAMILY = "1,2";
			};
			name = Debug;
		};
		DFEA0C972CD24C940095DF72 /* Release */ = {
			isa = XCBuildConfiguration;
			buildSettings = {
				ASSETCATALOG_COMPILER_APPICON_NAME = AppIcon;
				ASSETCATALOG_COMPILER_GLOBAL_ACCENT_COLOR_NAME = AccentColor;
				CODE_SIGN_STYLE = Automatic;
				CURRENT_PROJECT_VERSION = 1;
				DEVELOPMENT_ASSET_PATHS = "\"Vehicle App/Preview Content\"";
				ENABLE_PREVIEWS = YES;
				GENERATE_INFOPLIST_FILE = YES;
				INFOPLIST_KEY_UIApplicationSceneManifest_Generation = YES;
				INFOPLIST_KEY_UIApplicationSupportsIndirectInputEvents = YES;
				INFOPLIST_KEY_UILaunchScreen_Generation = YES;
				INFOPLIST_KEY_UISupportedInterfaceOrientations_iPad = "UIInterfaceOrientationPortrait UIInterfaceOrientationPortraitUpsideDown UIInterfaceOrientationLandscapeLeft UIInterfaceOrientationLandscapeRight";
				INFOPLIST_KEY_UISupportedInterfaceOrientations_iPhone = "UIInterfaceOrientationPortrait UIInterfaceOrientationLandscapeLeft UIInterfaceOrientationLandscapeRight";
				LD_RUNPATH_SEARCH_PATHS = (
					"$(inherited)",
					"@executable_path/Frameworks",
				);
				MARKETING_VERSION = 1.0;
				PRODUCT_BUNDLE_IDENTIFIER = "com.Gabriel.Vehicle-App";
				PRODUCT_NAME = "$(TARGET_NAME)";
				SWIFT_EMIT_LOC_STRINGS = YES;
				SWIFT_VERSION = 5.0;
				TARGETED_DEVICE_FAMILY = "1,2";
			};
			name = Release;
		};
/* End XCBuildConfiguration section */

/* Begin XCConfigurationList section */
		DFEA0C822CD24C920095DF72 /* Build configuration list for PBXProject "Vehicle App" */ = {
			isa = XCConfigurationList;
			buildConfigurations = (
				DFEA0C932CD24C940095DF72 /* Debug */,
				DFEA0C942CD24C940095DF72 /* Release */,
			);
			defaultConfigurationIsVisible = 0;
			defaultConfigurationName = Release;
		};
		DFEA0C952CD24C940095DF72 /* Build configuration list for PBXNativeTarget "Vehicle App" */ = {
			isa = XCConfigurationList;
			buildConfigurations = (
				DFEA0C962CD24C940095DF72 /* Debug */,
				DFEA0C972CD24C940095DF72 /* Release */,
			);
			defaultConfigurationIsVisible = 0;
			defaultConfigurationName = Release;
		};
/* End XCConfigurationList section */
	};
	rootObject = DFEA0C7F2CD24C920095DF72 /* Project object */;
}
